
Microsoft Visual Studio Solution File, Format Version 12.00
# Visual Studio Version 17
VisualStudioVersion = 17.0.31903.59
MinimumVisualStudioVersion = 10.0.40219.1
Project("{FAE04EC0-301F-11D3-BF4B-00C04F79EFBC}") = "DesafiosIntermediarios", "DesafiosIntermediarios\DesafiosIntermediarios.csproj", "{A764A0D8-6E90-49D5-8757-4FC250DC6620}"
EndProject
Global
	GlobalSection(SolutionConfigurationPlatforms) = preSolution
		Debug|Any CPU = Debug|Any CPU
		Release|Any CPU = Release|Any CPU
	EndGlobalSection
	GlobalSection(SolutionProperties) = preSolution
		HideSolutionNode = FALSE
	EndGlobalSection
	GlobalSection(ProjectConfigurationPlatforms) = postSolution
		{A764A0D8-6E90-49D5-8757-4FC250DC6620}.Debug|Any CPU.ActiveCfg = Debug|Any CPU
		{A764A0D8-6E90-49D5-8757-4FC250DC6620}.Debug|Any CPU.Build.0 = Debug|Any CPU
		{A764A0D8-6E90-49D5-8757-4FC250DC6620}.Release|Any CPU.ActiveCfg = Release|Any CPU
		{A764A0D8-6E90-49D5-8757-4FC250DC6620}.Release|Any CPU.Build.0 = Release|Any CPU
	EndGlobalSection
EndGlobal
